
Microsoft Visual Studio Solution File, Format Version 12.00
# Visual Studio Version 16
VisualStudioVersion = 16.0.31105.61
MinimumVisualStudioVersion = 10.0.40219.1
Project("{FAE04EC0-301F-11D3-BF4B-00C04F79EFBC}") = "Weather_forecast", "Weather_forecast\Weather_forecast.csproj", "{B293B233-2319-4655-8C1C-FECA59A8709D}"
EndProject
Global
	GlobalSection(SolutionConfigurationPlatforms) = preSolution
		Debug|Any CPU = Debug|Any CPU
		Release|Any CPU = Release|Any CPU
	EndGlobalSection
	GlobalSection(ProjectConfigurationPlatforms) = postSolution
		{B293B233-2319-4655-8C1C-FECA59A8709D}.Debug|Any CPU.ActiveCfg = Debug|Any CPU
		{B293B233-2319-4655-8C1C-FECA59A8709D}.Debug|Any CPU.Build.0 = Debug|Any CPU
		{B293B233-2319-4655-8C1C-FECA59A8709D}.Release|Any CPU.ActiveCfg = Release|Any CPU
		{B293B233-2319-4655-8C1C-FECA59A8709D}.Release|Any CPU.Build.0 = Release|Any CPU
	EndGlobalSection
	GlobalSection(SolutionProperties) = preSolution
		HideSolutionNode = FALSE
	EndGlobalSection
	GlobalSection(ExtensibilityGlobals) = postSolution
		SolutionGuid = {725DBD6C-6D9B-4DAA-8603-26EEA6C6B8C5}
	EndGlobalSection
EndGlobal
